
Microsoft Visual Studio Solution File, Format Version 12.00
# Visual Studio Version 17
VisualStudioVersion = 17.11.35312.102
MinimumVisualStudioVersion = 10.0.40219.1
Project("{FAE04EC0-301F-11D3-BF4B-00C04F79EFBC}") = "reiskost", "reiskost.csproj", "{6CB2EA33-9E47-4EC5-84F5-C1597EAE0E7D}"
EndProject
Global
	GlobalSection(SolutionConfigurationPlatforms) = preSolution
		Debug|Any CPU = Debug|Any CPU
		Release|Any CPU = Release|Any CPU
	EndGlobalSection
	GlobalSection(ProjectConfigurationPlatforms) = postSolution
		{6CB2EA33-9E47-4EC5-84F5-C1597EAE0E7D}.Debug|Any CPU.ActiveCfg = Debug|Any CPU
		{6CB2EA33-9E47-4EC5-84F5-C1597EAE0E7D}.Debug|Any CPU.Build.0 = Debug|Any CPU
		{6CB2EA33-9E47-4EC5-84F5-C1597EAE0E7D}.Release|Any CPU.ActiveCfg = Release|Any CPU
		{6CB2EA33-9E47-4EC5-84F5-C1597EAE0E7D}.Release|Any CPU.Build.0 = Release|Any CPU
	EndGlobalSection
	GlobalSection(SolutionProperties) = preSolution
		HideSolutionNode = FALSE
	EndGlobalSection
	GlobalSection(ExtensibilityGlobals) = postSolution
		SolutionGuid = {106E3043-3BB4-44B6-B1DA-EEF5CDB1A418}
	EndGlobalSection
EndGlobal
